{
  "requires": true,
  "lockfileVersion": 1,
  "dependencies": {
    "@types/eventsource": {
      "version": "1.1.4",
      "resolved": "https://registry.npmjs.org/@types/eventsource/-/eventsource-1.1.4.tgz",
      "integrity": "sha512-sahECwAoLSqqMwLc0pH6GFUft0sCDGtW36xWT4IzfSqpc1QLUqDSZMcc0xyESAgLZ1SFUhW1b1dHINULI18OVA=="
    },
    "@types/node": {
      "version": "14.0.1",
      "resolved": "https://registry.npmjs.org/@types/node/-/node-14.0.1.tgz",
      "integrity": "sha512-FAYBGwC+W6F9+huFIDtn43cpy7+SzG+atzRiTfdp3inUKL2hXnd4rG8hylJLIh4+hqrQy1P17kvJByE/z825hA=="
    },
    "@types/prop-types": {
      "version": "15.7.3",
      "resolved": "https://registry.npmjs.org/@types/prop-types/-/prop-types-15.7.3.tgz",
      "integrity": "sha512-KfRL3PuHmqQLOG+2tGpRO26Ctg+Cq1E01D2DMriKEATHgWLfeNDmq9e29Q9WIky0dQ3NPkd1mzYH8Lm936Z9qw=="
    },
    "@types/react": {
      "version": "16.9.49",
      "resolved": "https://registry.npmjs.org/@types/react/-/react-16.9.49.tgz",
      "integrity": "sha512-DtLFjSj0OYAdVLBbyjhuV9CdGVHCkHn2R+xr3XkBvK2rS1Y1tkc14XSGjYgm5Fjjr90AxH9tiSzc1pCFMGO06g==",
      "requires": {
        "@types/prop-types": "*",
        "csstype": "^3.0.2"
      }
    },
    "@types/react-dom": {
      "version": "16.9.8",
      "resolved": "https://registry.npmjs.org/@types/react-dom/-/react-dom-16.9.8.tgz",
      "integrity": "sha512-ykkPQ+5nFknnlU6lDd947WbQ6TE3NNzbQAkInC2EKY1qeYdTKp7onFusmYZb+ityzx2YviqT6BXSu+LyWWJwcA==",
      "requires": {
        "@types/react": "*"
      }
    },
    "@types/rsocket-core": {
      "version": "0.0.5",
      "resolved": "https://registry.npmjs.org/@types/rsocket-core/-/rsocket-core-0.0.5.tgz",
      "integrity": "sha512-ARlWAs7kJGFezpaK7wGZWB5XhEqMP4NlWBqae43goLR31fLU/VmaCmlIgVOFxj5xwNO6EcUlFQBZNVNxr3Qk3Q==",
      "requires": {
        "@types/node": "*",
        "@types/rsocket-flowable": "*",
        "@types/rsocket-types": "*"
      }
    },
    "@types/rsocket-flowable": {
      "version": "0.0.5",
      "resolved": "https://registry.npmjs.org/@types/rsocket-flowable/-/rsocket-flowable-0.0.5.tgz",
      "integrity": "sha512-Xf9C8VCPqSPGXaFvnE31ifjQJACiNpxo8ujfeZ0vMHPOANxkbmiL8Crrxa3nUe1EVcFGDgmODUhLqnCcjPWjDQ==",
      "requires": {
        "@types/rsocket-types": "*"
      }
    },
    "@types/rsocket-types": {
      "version": "0.0.2",
      "resolved": "https://registry.npmjs.org/@types/rsocket-types/-/rsocket-types-0.0.2.tgz",
      "integrity": "sha512-OkyRD4t4djiznJOGo3txcBEZy+dpC5s+mfDxkD4pd++V923Xp5vTqTBFIb5YQlXpwLw5pMQJc8xTOu4JIq+cmA==",
      "requires": {
        "@types/node": "*",
        "@types/rsocket-flowable": "*"
      }
    },
    "@types/rsocket-websocket-client": {
      "version": "0.0.3",
      "resolved": "https://registry.npmjs.org/@types/rsocket-websocket-client/-/rsocket-websocket-client-0.0.3.tgz",
      "integrity": "sha512-AeAgUClLeFvCymC9ocgIAgaD+h5ZPLvJzJaw7DSHAkBh9wVCcrtRGOhGpHf0prN6rf8tG09dcWs5yzbCYYnmFA==",
      "requires": {
        "@types/rsocket-core": "*",
        "@types/rsocket-flowable": "*",
        "@types/rsocket-types": "*"
      }
    },
    "base64-js": {
      "version": "1.3.1",
      "resolved": "https://registry.npmjs.org/base64-js/-/base64-js-1.3.1.tgz",
      "integrity": "sha512-mLQ4i2QO1ytvGWFWmcngKO//JXAQueZvwEKtjgQFM4jIK0kU+ytMfplL8j+n5mspOfjHwoAg+9yhb7BwAHm36g=="
    },
    "csstype": {
      "version": "3.0.3",
      "resolved": "https://registry.npmjs.org/csstype/-/csstype-3.0.3.tgz",
      "integrity": "sha512-jPl+wbWPOWJ7SXsWyqGRk3lGecbar0Cb0OvZF/r/ZU011R4YqiRehgkQ9p4eQfo9DSDLqLL3wHwfxeJiuIsNag=="
    },
    "csw-aas-js": {
      "version": "2.0.0",
      "resolved": "https://registry.npmjs.org/csw-aas-js/-/csw-aas-js-2.0.0.tgz",
      "integrity": "sha512-SPF+wZyGnPAA2+GFKJzSQh+Ys3K+0xsnn527JjYDnmNdaa8oGfIgOOVN7hNBy34IaeTD8HuUUmWzFmjcWhp8wg==",
      "requires": {
        "keycloak-js": "8.0.1"
      }
    },
    "js-sha256": {
      "version": "0.9.0",
      "resolved": "https://registry.npmjs.org/js-sha256/-/js-sha256-0.9.0.tgz",
      "integrity": "sha512-sga3MHh9sgQN2+pJ9VYZ+1LPwXOxuBJBA5nrR5/ofPfuiJBE2hnjsaN8se8JznOmGLN2p49Pe5U/ttafcs/apA=="
    },
    "keycloak-js": {
      "version": "8.0.1",
      "resolved": "https://registry.npmjs.org/keycloak-js/-/keycloak-js-8.0.1.tgz",
      "integrity": "sha512-1ABx6ZCk1jrmn9wAX8oMw175M75JHhpKq2bKSmplkhQXErkp0r8Lf+e+91Gr8DixVtT4/IyH9mc/JQuwbkvRbA==",
      "requires": {
        "base64-js": "1.3.1",
        "js-sha256": "0.9.0"
      }
    },
    "rxjs": {
      "version": "6.6.2",
      "resolved": "https://registry.npmjs.org/rxjs/-/rxjs-6.6.2.tgz",
      "integrity": "sha512-BHdBMVoWC2sL26w//BCu3YzKT4s2jip/WhwsGEDmeKYBhKDZeYezVUnHatYB7L85v5xs0BAQmg6BEYJEKxBabg==",
      "requires": {
        "tslib": "^1.9.0"
      }
    },
    "tslib": {
      "version": "1.13.0",
      "resolved": "https://registry.npmjs.org/tslib/-/tslib-1.13.0.tgz",
      "integrity": "sha512-i/6DQjL8Xf3be4K/E6Wgpekn5Qasl1usyw++dAA35Ue5orEn65VIxOA+YvNNl9HV3qv70T7CNwjODHZrLwvd1Q=="
    },
    "typescript": {
      "version": "4.0.2",
      "resolved": "https://registry.npmjs.org/typescript/-/typescript-4.0.2.tgz",
      "integrity": "sha512-e4ERvRV2wb+rRZ/IQeb3jm2VxBsirQLpQhdxplZ2MEzGvDkkMmPglecnNDfSUBivMjP93vRbngYYDQqQ/78bcQ=="
    }
  }
}
