{
  "requires": true,
  "lockfileVersion": 1,
  "dependencies": {
    "@microsoft/fetch-event-source": {
      "version": "1.0.0",
      "resolved": "https://registry.npmjs.org/@microsoft/fetch-event-source/-/fetch-event-source-1.0.0.tgz",
      "integrity": "sha512-SV5VBhoRzNvlvP9vIQKLOJ0/JhoqqVzZiE0FamzTHBl3K6Vl98KcJWlv9i3OWfi+ZBj/tkFKXEOIF15SIW14jg=="
    },
    "@types/node": {
      "version": "14.11.2",
      "resolved": "https://registry.npmjs.org/@types/node/-/node-14.11.2.tgz",
      "integrity": "sha512-jiE3QIxJ8JLNcb1Ps6rDbysDhN4xa8DJJvuC9prr6w+1tIh+QAbYyNF3tyiZNLDBIuBCf4KEcV2UvQm/V60xfA=="
    },
    "@types/rsocket-core": {
      "version": "0.0.5",
      "resolved": "https://registry.npmjs.org/@types/rsocket-core/-/rsocket-core-0.0.5.tgz",
      "integrity": "sha512-ARlWAs7kJGFezpaK7wGZWB5XhEqMP4NlWBqae43goLR31fLU/VmaCmlIgVOFxj5xwNO6EcUlFQBZNVNxr3Qk3Q==",
      "requires": {
        "@types/node": "*",
        "@types/rsocket-flowable": "*",
        "@types/rsocket-types": "*"
      }
    },
    "@types/rsocket-flowable": {
      "version": "0.0.5",
      "resolved": "https://registry.npmjs.org/@types/rsocket-flowable/-/rsocket-flowable-0.0.5.tgz",
      "integrity": "sha512-Xf9C8VCPqSPGXaFvnE31ifjQJACiNpxo8ujfeZ0vMHPOANxkbmiL8Crrxa3nUe1EVcFGDgmODUhLqnCcjPWjDQ==",
      "requires": {
        "@types/rsocket-types": "*"
      }
    },
    "@types/rsocket-types": {
      "version": "0.0.2",
      "resolved": "https://registry.npmjs.org/@types/rsocket-types/-/rsocket-types-0.0.2.tgz",
      "integrity": "sha512-OkyRD4t4djiznJOGo3txcBEZy+dpC5s+mfDxkD4pd++V923Xp5vTqTBFIb5YQlXpwLw5pMQJc8xTOu4JIq+cmA==",
      "requires": {
        "@types/node": "*",
        "@types/rsocket-flowable": "*"
      }
    },
    "@types/rsocket-websocket-client": {
      "version": "0.0.3",
      "resolved": "https://registry.npmjs.org/@types/rsocket-websocket-client/-/rsocket-websocket-client-0.0.3.tgz",
      "integrity": "sha512-AeAgUClLeFvCymC9ocgIAgaD+h5ZPLvJzJaw7DSHAkBh9wVCcrtRGOhGpHf0prN6rf8tG09dcWs5yzbCYYnmFA==",
      "requires": {
        "@types/rsocket-core": "*",
        "@types/rsocket-flowable": "*",
        "@types/rsocket-types": "*"
      }
    },
    "rxjs": {
      "version": "6.6.3",
      "resolved": "https://registry.npmjs.org/rxjs/-/rxjs-6.6.3.tgz",
      "integrity": "sha512-trsQc+xYYXZ3urjOiJOuCOa5N3jAZ3eiSpQB5hIT8zGlL2QfnHLJ2r7GMkBGuIausdJN1OneaI6gQlsqNHHmZQ==",
      "requires": {
        "tslib": "^1.9.0"
      }
    },
    "tslib": {
      "version": "1.13.0",
      "resolved": "https://registry.npmjs.org/tslib/-/tslib-1.13.0.tgz",
      "integrity": "sha512-i/6DQjL8Xf3be4K/E6Wgpekn5Qasl1usyw++dAA35Ue5orEn65VIxOA+YvNNl9HV3qv70T7CNwjODHZrLwvd1Q=="
    },
    "typescript": {
      "version": "4.0.3",
      "resolved": "https://registry.npmjs.org/typescript/-/typescript-4.0.3.tgz",
      "integrity": "sha512-tEu6DGxGgRJPb/mVPIZ48e69xCn2yRmCgYmDugAVwmJ6o+0u1RI18eO7E7WBTLYLaEVVOhwQmcdhQHweux/WPg=="
    }
  }
}
